// !$*UTF8*$!
{
	archiveVersion = 1;
	classes = {
	};
	objectVersion = 50;
	objects = {

/* Begin PBXBuildFile section */
		832856EC00B2A6EB574F52E8 /* Pods_Card_Shark_iOS.framework in Frameworks */ = {isa = PBXBuildFile; fileRef = 242532B96763BD596D2FC247 /* Pods_Card_Shark_iOS.framework */; };
		FFF5420A20830B6B009D696F /* AppDelegate.swift in Sources */ = {isa = PBXBuildFile; fileRef = FFF5420920830B6B009D696F /* AppDelegate.swift */; };
		FFF5420C20830B6B009D696F /* MainVC.swift in Sources */ = {isa = PBXBuildFile; fileRef = FFF5420B20830B6B009D696F /* MainVC.swift */; };
		FFF5420F20830B6B009D696F /* Main.storyboard in Resources */ = {isa = PBXBuildFile; fileRef = FFF5420D20830B6B009D696F /* Main.storyboard */; };
		FFF5421120830B6C009D696F /* Assets.xcassets in Resources */ = {isa = PBXBuildFile; fileRef = FFF5421020830B6C009D696F /* Assets.xcassets */; };
		FFF5421420830B6C009D696F /* LaunchScreen.storyboard in Resources */ = {isa = PBXBuildFile; fileRef = FFF5421220830B6C009D696F /* LaunchScreen.storyboard */; };
		FFF5422020830DB9009D696F /* CardSharkSVC.swift in Sources */ = {isa = PBXBuildFile; fileRef = FFF5421F20830DB9009D696F /* CardSharkSVC.swift */; };
		FFF54224208313EA009D696F /* Card.swift in Sources */ = {isa = PBXBuildFile; fileRef = FFF54223208313EA009D696F /* Card.swift */; };
		FFF542272083176A009D696F /* Response.swift in Sources */ = {isa = PBXBuildFile; fileRef = FFF542262083176A009D696F /* Response.swift */; };
		FFF5422920832EA8009D696F /* DisplayVC.swift in Sources */ = {isa = PBXBuildFile; fileRef = FFF5422820832EA8009D696F /* DisplayVC.swift */; };
		FFF5422E2083330B009D696F /* CardCell.swift in Sources */ = {isa = PBXBuildFile; fileRef = FFF5422D2083330B009D696F /* CardCell.swift */; };
		FFF5423020834586009D696F /* ViewController+.swift in Sources */ = {isa = PBXBuildFile; fileRef = FFF5422F20834586009D696F /* ViewController+.swift */; };
/* End PBXBuildFile section */

/* Begin PBXFileReference section */
		242532B96763BD596D2FC247 /* Pods_Card_Shark_iOS.framework */ = {isa = PBXFileReference; explicitFileType = wrapper.framework; includeInIndex = 0; path = Pods_Card_Shark_iOS.framework; sourceTree = BUILT_PRODUCTS_DIR; };
		935D839F0295C43D4531D8C3 /* Pods-Card_Shark_iOS.debug.xcconfig */ = {isa = PBXFileReference; includeInIndex = 1; lastKnownFileType = text.xcconfig; name = "Pods-Card_Shark_iOS.debug.xcconfig"; path = "Pods/Target Support Files/Pods-Card_Shark_iOS/Pods-Card_Shark_iOS.debug.xcconfig"; sourceTree = "<group>"; };
		F34A1CF03E72E9F555466E09 /* Pods-Card_Shark_iOS.release.xcconfig */ = {isa = PBXFileReference; includeInIndex = 1; lastKnownFileType = text.xcconfig; name = "Pods-Card_Shark_iOS.release.xcconfig"; path = "Pods/Target Support Files/Pods-Card_Shark_iOS/Pods-Card_Shark_iOS.release.xcconfig"; sourceTree = "<group>"; };
		FFF5420620830B6B009D696F /* Card_Shark_iOS.app */ = {isa = PBXFileReference; explicitFileType = wrapper.application; includeInIndex = 0; path = Card_Shark_iOS.app; sourceTree = BUILT_PRODUCTS_DIR; };
		FFF5420920830B6B009D696F /* AppDelegate.swift */ = {isa = PBXFileReference; lastKnownFileType = sourcecode.swift; path = AppDelegate.swift; sourceTree = "<group>"; };
		FFF5420B20830B6B009D696F /* MainVC.swift */ = {isa = PBXFileReference; lastKnownFileType = sourcecode.swift; path = MainVC.swift; sourceTree = "<group>"; };
		FFF5420E20830B6B009D696F /* Base */ = {isa = PBXFileReference; lastKnownFileType = file.storyboard; name = Base; path = Base.lproj/Main.storyboard; sourceTree = "<group>"; };
		FFF5421020830B6C009D696F /* Assets.xcassets */ = {isa = PBXFileReference; lastKnownFileType = folder.assetcatalog; path = Assets.xcassets; sourceTree = "<group>"; };
		FFF5421320830B6C009D696F /* Base */ = {isa = PBXFileReference; lastKnownFileType = file.storyboard; name = Base; path = Base.lproj/LaunchScreen.storyboard; sourceTree = "<group>"; };
		FFF5421520830B6C009D696F /* Info.plist */ = {isa = PBXFileReference; lastKnownFileType = text.plist.xml; path = Info.plist; sourceTree = "<group>"; };
		FFF5421F20830DB9009D696F /* CardSharkSVC.swift */ = {isa = PBXFileReference; lastKnownFileType = sourcecode.swift; path = CardSharkSVC.swift; sourceTree = "<group>"; };
		FFF54223208313EA009D696F /* Card.swift */ = {isa = PBXFileReference; lastKnownFileType = sourcecode.swift; path = Card.swift; sourceTree = "<group>"; };
		FFF542262083176A009D696F /* Response.swift */ = {isa = PBXFileReference; lastKnownFileType = sourcecode.swift; path = Response.swift; sourceTree = "<group>"; };
		FFF5422820832EA8009D696F /* DisplayVC.swift */ = {isa = PBXFileReference; lastKnownFileType = sourcecode.swift; path = DisplayVC.swift; sourceTree = "<group>"; };
		FFF5422D2083330B009D696F /* CardCell.swift */ = {isa = PBXFileReference; lastKnownFileType = sourcecode.swift; path = CardCell.swift; sourceTree = "<group>"; };
		FFF5422F20834586009D696F /* ViewController+.swift */ = {isa = PBXFileReference; lastKnownFileType = sourcecode.swift; path = "ViewController+.swift"; sourceTree = "<group>"; };
/* End PBXFileReference section */

/* Begin PBXFrameworksBuildPhase section */
		FFF5420320830B6B009D696F /* Frameworks */ = {
			isa = PBXFrameworksBuildPhase;
			buildActionMask = 2147483647;
			files = (
				832856EC00B2A6EB574F52E8 /* Pods_Card_Shark_iOS.framework in Frameworks */,
			);
			runOnlyForDeploymentPostprocessing = 0;
		};
/* End PBXFrameworksBuildPhase section */

/* Begin PBXGroup section */
		5BDA71F2084DA74D5BCEB3D1 /* Frameworks */ = {
			isa = PBXGroup;
			children = (
				242532B96763BD596D2FC247 /* Pods_Card_Shark_iOS.framework */,
			);
			name = Frameworks;
			sourceTree = "<group>";
		};
		FC037C208BD93FFB2D7F98AE /* Pods */ = {
			isa = PBXGroup;
			children = (
				935D839F0295C43D4531D8C3 /* Pods-Card_Shark_iOS.debug.xcconfig */,
				F34A1CF03E72E9F555466E09 /* Pods-Card_Shark_iOS.release.xcconfig */,
			);
			name = Pods;
			sourceTree = "<group>";
		};
		FFF541FD20830B6B009D696F = {
			isa = PBXGroup;
			children = (
				FFF5421D20830BB6009D696F /* Model */,
				FFF5421B20830BAC009D696F /* View */,
				FFF5421C20830BB1009D696F /* Controller */,
				FFF5421E20830BBF009D696F /* Supporting Files */,
				FFF5420720830B6B009D696F /* Products */,
				FC037C208BD93FFB2D7F98AE /* Pods */,
				5BDA71F2084DA74D5BCEB3D1 /* Frameworks */,
			);
			sourceTree = "<group>";
		};
		FFF5420720830B6B009D696F /* Products */ = {
			isa = PBXGroup;
			children = (
				FFF5420620830B6B009D696F /* Card_Shark_iOS.app */,
			);
			name = Products;
			sourceTree = "<group>";
		};
		FFF5421B20830BAC009D696F /* View */ = {
			isa = PBXGroup;
			children = (
				FFF5422A208332E6009D696F /* Cells */,
				FFF5420D20830B6B009D696F /* Main.storyboard */,
				FFF5421220830B6C009D696F /* LaunchScreen.storyboard */,
			);
			path = View;
			sourceTree = "<group>";
		};
		FFF5421C20830BB1009D696F /* Controller */ = {
			isa = PBXGroup;
			children = (
				FFF542312083469F009D696F /* Extension */,
				FFF5420B20830B6B009D696F /* MainVC.swift */,
				FFF5422820832EA8009D696F /* DisplayVC.swift */,
			);
			path = Controller;
			sourceTree = "<group>";
		};
		FFF5421D20830BB6009D696F /* Model */ = {
			isa = PBXGroup;
			children = (
				FFF542252083141B009D696F /* Common */,
				FFF54222208313A5009D696F /* Card */,
				FFF542212083139A009D696F /* Network  */,
			);
			path = Model;
			sourceTree = "<group>";
		};
		FFF5421E20830BBF009D696F /* Supporting Files */ = {
			isa = PBXGroup;
			children = (
				FFF5420920830B6B009D696F /* AppDelegate.swift */,
				FFF5421020830B6C009D696F /* Assets.xcassets */,
				FFF5421520830B6C009D696F /* Info.plist */,
			);
			path = "Supporting Files";
			sourceTree = "<group>";
		};
		FFF542212083139A009D696F /* Network  */ = {
			isa = PBXGroup;
			children = (
				FFF5421F20830DB9009D696F /* CardSharkSVC.swift */,
			);
			path = "Network ";
			sourceTree = "<group>";
		};
		FFF54222208313A5009D696F /* Card */ = {
			isa = PBXGroup;
			children = (
				FFF54223208313EA009D696F /* Card.swift */,
			);
			path = Card;
			sourceTree = "<group>";
		};
		FFF542252083141B009D696F /* Common */ = {
			isa = PBXGroup;
			children = (
				FFF542262083176A009D696F /* Response.swift */,
			);
			path = Common;
			sourceTree = "<group>";
		};
		FFF5422A208332E6009D696F /* Cells */ = {
			isa = PBXGroup;
			children = (
				FFF5422D2083330B009D696F /* CardCell.swift */,
			);
			path = Cells;
			sourceTree = "<group>";
		};
		FFF542312083469F009D696F /* Extension */ = {
			isa = PBXGroup;
			children = (
				FFF5422F20834586009D696F /* ViewController+.swift */,
			);
			path = Extension;
			sourceTree = "<group>";
		};
/* End PBXGroup section */

/* Begin PBXNativeTarget section */
		FFF5420520830B6B009D696F /* Card_Shark_iOS */ = {
			isa = PBXNativeTarget;
			buildConfigurationList = FFF5421820830B6C009D696F /* Build configuration list for PBXNativeTarget "Card_Shark_iOS" */;
			buildPhases = (
				E103772BCE451C6F2B9AC59E /* [CP] Check Pods Manifest.lock */,
				FFF5420220830B6B009D696F /* Sources */,
				FFF5420320830B6B009D696F /* Frameworks */,
				FFF5420420830B6B009D696F /* Resources */,
				DC52A16230D858F2F7D61EFB /* [CP] Embed Pods Frameworks */,
				4AC9B1BD6C0CF886C30E5810 /* [CP] Copy Pods Resources */,
			);
			buildRules = (
			);
			dependencies = (
			);
			name = Card_Shark_iOS;
			productName = Card_Shark_iOS;
			productReference = FFF5420620830B6B009D696F /* Card_Shark_iOS.app */;
			productType = "com.apple.product-type.application";
		};
/* End PBXNativeTarget section */

/* Begin PBXProject section */
		FFF541FE20830B6B009D696F /* Project object */ = {
			isa = PBXProject;
			attributes = {
				LastSwiftUpdateCheck = 0930;
				LastUpgradeCheck = 0930;
				ORGANIZATIONNAME = MorrisLam;
				TargetAttributes = {
					FFF5420520830B6B009D696F = {
						CreatedOnToolsVersion = 9.3;
					};
				};
			};
			buildConfigurationList = FFF5420120830B6B009D696F /* Build configuration list for PBXProject "Card_Shark_iOS" */;
			compatibilityVersion = "Xcode 9.3";
			developmentRegion = en;
			hasScannedForEncodings = 0;
			knownRegions = (
				en,
				Base,
			);
			mainGroup = FFF541FD20830B6B009D696F;
			productRefGroup = FFF5420720830B6B009D696F /* Products */;
			projectDirPath = "";
			projectRoot = "";
			targets = (
				FFF5420520830B6B009D696F /* Card_Shark_iOS */,
			);
		};
/* End PBXProject section */

/* Begin PBXResourcesBuildPhase section */
		FFF5420420830B6B009D696F /* Resources */ = {
			isa = PBXResourcesBuildPhase;
			buildActionMask = 2147483647;
			files = (
				FFF5421420830B6C009D696F /* LaunchScreen.storyboard in Resources */,
				FFF5421120830B6C009D696F /* Assets.xcassets in Resources */,
				FFF5420F20830B6B009D696F /* Main.storyboard in Resources */,
			);
			runOnlyForDeploymentPostprocessing = 0;
		};
/* End PBXResourcesBuildPhase section */

/* Begin PBXShellScriptBuildPhase section */
		4AC9B1BD6C0CF886C30E5810 /* [CP] Copy Pods Resources */ = {
			isa = PBXShellScriptBuildPhase;
			buildActionMask = 2147483647;
			files = (
			);
			inputPaths = (
			);
			name = "[CP] Copy Pods Resources";
			outputPaths = (
			);
			runOnlyForDeploymentPostprocessing = 0;
			shellPath = /bin/sh;
			shellScript = "\"${SRCROOT}/Pods/Target Support Files/Pods-Card_Shark_iOS/Pods-Card_Shark_iOS-resources.sh\"\n";
			showEnvVarsInLog = 0;
		};
		DC52A16230D858F2F7D61EFB /* [CP] Embed Pods Frameworks */ = {
			isa = PBXShellScriptBuildPhase;
			buildActionMask = 2147483647;
			files = (
			);
			inputPaths = (
				"${SRCROOT}/Pods/Target Support Files/Pods-Card_Shark_iOS/Pods-Card_Shark_iOS-frameworks.sh",
				"${BUILT_PRODUCTS_DIR}/SDWebImage/SDWebImage.framework",
			);
			name = "[CP] Embed Pods Frameworks";
			outputPaths = (
				"${TARGET_BUILD_DIR}/${FRAMEWORKS_FOLDER_PATH}/SDWebImage.framework",
			);
			runOnlyForDeploymentPostprocessing = 0;
			shellPath = /bin/sh;
			shellScript = "\"${SRCROOT}/Pods/Target Support Files/Pods-Card_Shark_iOS/Pods-Card_Shark_iOS-frameworks.sh\"\n";
			showEnvVarsInLog = 0;
		};
		E103772BCE451C6F2B9AC59E /* [CP] Check Pods Manifest.lock */ = {
			isa = PBXShellScriptBuildPhase;
			buildActionMask = 2147483647;
			files = (
			);
			inputPaths = (
				"${PODS_PODFILE_DIR_PATH}/Podfile.lock",
				"${PODS_ROOT}/Manifest.lock",
			);
			name = "[CP] Check Pods Manifest.lock";
			outputPaths = (
				"$(DERIVED_FILE_DIR)/Pods-Card_Shark_iOS-checkManifestLockResult.txt",
			);
			runOnlyForDeploymentPostprocessing = 0;
			shellPath = /bin/sh;
			shellScript = "diff \"${PODS_PODFILE_DIR_PATH}/Podfile.lock\" \"${PODS_ROOT}/Manifest.lock\" > /dev/null\nif [ $? != 0 ] ; then\n    # print error to STDERR\n    echo \"error: The sandbox is not in sync with the Podfile.lock. Run 'pod install' or update your CocoaPods installation.\" >&2\n    exit 1\nfi\n# This output is used by Xcode 'outputs' to avoid re-running this script phase.\necho \"SUCCESS\" > \"${SCRIPT_OUTPUT_FILE_0}\"\n";
			showEnvVarsInLog = 0;
		};
/* End PBXShellScriptBuildPhase section */

/* Begin PBXSourcesBuildPhase section */
		FFF5420220830B6B009D696F /* Sources */ = {
			isa = PBXSourcesBuildPhase;
			buildActionMask = 2147483647;
			files = (
				FFF5420C20830B6B009D696F /* MainVC.swift in Sources */,
				FFF5420A20830B6B009D696F /* AppDelegate.swift in Sources */,
				FFF5422020830DB9009D696F /* CardSharkSVC.swift in Sources */,
				FFF54224208313EA009D696F /* Card.swift in Sources */,
				FFF5423020834586009D696F /* ViewController+.swift in Sources */,
				FFF5422E2083330B009D696F /* CardCell.swift in Sources */,
				FFF542272083176A009D696F /* Response.swift in Sources */,
				FFF5422920832EA8009D696F /* DisplayVC.swift in Sources */,
			);
			runOnlyForDeploymentPostprocessing = 0;
		};
/* End PBXSourcesBuildPhase section */

/* Begin PBXVariantGroup section */
		FFF5420D20830B6B009D696F /* Main.storyboard */ = {
			isa = PBXVariantGroup;
			children = (
				FFF5420E20830B6B009D696F /* Base */,
			);
			name = Main.storyboard;
			sourceTree = "<group>";
		};
		FFF5421220830B6C009D696F /* LaunchScreen.storyboard */ = {
			isa = PBXVariantGroup;
			children = (
				FFF5421320830B6C009D696F /* Base */,
			);
			name = LaunchScreen.storyboard;
			sourceTree = "<group>";
		};
/* End PBXVariantGroup section */

/* Begin XCBuildConfiguration section */
		FFF5421620830B6C009D696F /* Debug */ = {
			isa = XCBuildConfiguration;
			buildSettings = {
				ALWAYS_SEARCH_USER_PATHS = NO;
				CLANG_ANALYZER_NONNULL = YES;
				CLANG_ANALYZER_NUMBER_OBJECT_CONVERSION = YES_AGGRESSIVE;
				CLANG_CXX_LANGUAGE_STANDARD = "gnu++14";
				CLANG_CXX_LIBRARY = "libc++";
				CLANG_ENABLE_MODULES = YES;
				CLANG_ENABLE_OBJC_ARC = YES;
				CLANG_ENABLE_OBJC_WEAK = YES;
				CLANG_WARN_BLOCK_CAPTURE_AUTORELEASING = YES;
				CLANG_WARN_BOOL_CONVERSION = YES;
				CLANG_WARN_COMMA = YES;
				CLANG_WARN_CONSTANT_CONVERSION = YES;
				CLANG_WARN_DEPRECATED_OBJC_IMPLEMENTATIONS = YES;
				CLANG_WARN_DIRECT_OBJC_ISA_USAGE = YES_ERROR;
				CLANG_WARN_DOCUMENTATION_COMMENTS = YES;
				CLANG_WARN_EMPTY_BODY = YES;
				CLANG_WARN_ENUM_CONVERSION = YES;
				CLANG_WARN_INFINITE_RECURSION = YES;
				CLANG_WARN_INT_CONVERSION = YES;
				CLANG_WARN_NON_LITERAL_NULL_CONVERSION = YES;
				CLANG_WARN_OBJC_IMPLICIT_RETAIN_SELF = YES;
				CLANG_WARN_OBJC_LITERAL_CONVERSION = YES;
				CLANG_WARN_OBJC_ROOT_CLASS = YES_ERROR;
				CLANG_WARN_RANGE_LOOP_ANALYSIS = YES;
				CLANG_WARN_STRICT_PROTOTYPES = YES;
				CLANG_WARN_SUSPICIOUS_MOVE = YES;
				CLANG_WARN_UNGUARDED_AVAILABILITY = YES_AGGRESSIVE;
				CLANG_WARN_UNREACHABLE_CODE = YES;
				CLANG_WARN__DUPLICATE_METHOD_MATCH = YES;
				CODE_SIGN_IDENTITY = "iPhone Developer";
				COPY_PHASE_STRIP = NO;
				DEBUG_INFORMATION_FORMAT = dwarf;
				ENABLE_STRICT_OBJC_MSGSEND = YES;
				ENABLE_TESTABILITY = YES;
				GCC_C_LANGUAGE_STANDARD = gnu11;
				GCC_DYNAMIC_NO_PIC = NO;
				GCC_NO_COMMON_BLOCKS = YES;
				GCC_OPTIMIZATION_LEVEL = 0;
				GCC_PREPROCESSOR_DEFINITIONS = (
					"DEBUG=1",
					"$(inherited)",
				);
				GCC_WARN_64_TO_32_BIT_CONVERSION = YES;
				GCC_WARN_ABOUT_RETURN_TYPE = YES_ERROR;
				GCC_WARN_UNDECLARED_SELECTOR = YES;
				GCC_WARN_UNINITIALIZED_AUTOS = YES_AGGRESSIVE;
				GCC_WARN_UNUSED_FUNCTION = YES;
				GCC_WARN_UNUSED_VARIABLE = YES;
				IPHONEOS_DEPLOYMENT_TARGET = 11.3;
				MTL_ENABLE_DEBUG_INFO = YES;
				ONLY_ACTIVE_ARCH = YES;
				SDKROOT = iphoneos;
				SWIFT_ACTIVE_COMPILATION_CONDITIONS = DEBUG;
				SWIFT_OPTIMIZATION_LEVEL = "-Onone";
			};
			name = Debug;
		};
		FFF5421720830B6C009D696F /* Release */ = {
			isa = XCBuildConfiguration;
			buildSettings = {
				ALWAYS_SEARCH_USER_PATHS = NO;
				CLANG_ANALYZER_NONNULL = YES;
				CLANG_ANALYZER_NUMBER_OBJECT_CONVERSION = YES_AGGRESSIVE;
				CLANG_CXX_LANGUAGE_STANDARD = "gnu++14";
				CLANG_CXX_LIBRARY = "libc++";
				CLANG_ENABLE_MODULES = YES;
				CLANG_ENABLE_OBJC_ARC = YES;
				CLANG_ENABLE_OBJC_WEAK = YES;
				CLANG_WARN_BLOCK_CAPTURE_AUTORELEASING = YES;
				CLANG_WARN_BOOL_CONVERSION = YES;
				CLANG_WARN_COMMA = YES;
				CLANG_WARN_CONSTANT_CONVERSION = YES;
				CLANG_WARN_DEPRECATED_OBJC_IMPLEMENTATIONS = YES;
				CLANG_WARN_DIRECT_OBJC_ISA_USAGE = YES_ERROR;
				CLANG_WARN_DOCUMENTATION_COMMENTS = YES;
				CLANG_WARN_EMPTY_BODY = YES;
				CLANG_WARN_ENUM_CONVERSION = YES;
				CLANG_WARN_INFINITE_RECURSION = YES;
				CLANG_WARN_INT_CONVERSION = YES;
				CLANG_WARN_NON_LITERAL_NULL_CONVERSION = YES;
				CLANG_WARN_OBJC_IMPLICIT_RETAIN_SELF = YES;
				CLANG_WARN_OBJC_LITERAL_CONVERSION = YES;
				CLANG_WARN_OBJC_ROOT_CLASS = YES_ERROR;
				CLANG_WARN_RANGE_LOOP_ANALYSIS = YES;
				CLANG_WARN_STRICT_PROTOTYPES = YES;
				CLANG_WARN_SUSPICIOUS_MOVE = YES;
				CLANG_WARN_UNGUARDED_AVAILABILITY = YES_AGGRESSIVE;
				CLANG_WARN_UNREACHABLE_CODE = YES;
				CLANG_WARN__DUPLICATE_METHOD_MATCH = YES;
				CODE_SIGN_IDENTITY = "iPhone Developer";
				COPY_PHASE_STRIP = NO;
				DEBUG_INFORMATION_FORMAT = "dwarf-with-dsym";
				ENABLE_NS_ASSERTIONS = NO;
				ENABLE_STRICT_OBJC_MSGSEND = YES;
				GCC_C_LANGUAGE_STANDARD = gnu11;
				GCC_NO_COMMON_BLOCKS = YES;
				GCC_WARN_64_TO_32_BIT_CONVERSION = YES;
				GCC_WARN_ABOUT_RETURN_TYPE = YES_ERROR;
				GCC_WARN_UNDECLARED_SELECTOR = YES;
				GCC_WARN_UNINITIALIZED_AUTOS = YES_AGGRESSIVE;
				GCC_WARN_UNUSED_FUNCTION = YES;
				GCC_WARN_UNUSED_VARIABLE = YES;
				IPHONEOS_DEPLOYMENT_TARGET = 11.3;
				MTL_ENABLE_DEBUG_INFO = NO;
				SDKROOT = iphoneos;
				SWIFT_COMPILATION_MODE = wholemodule;
				SWIFT_OPTIMIZATION_LEVEL = "-O";
				VALIDATE_PRODUCT = YES;
			};
			name = Release;
		};
		FFF5421920830B6C009D696F /* Debug */ = {
			isa = XCBuildConfiguration;
			baseConfigurationReference = 935D839F0295C43D4531D8C3 /* Pods-Card_Shark_iOS.debug.xcconfig */;
			buildSettings = {
				ASSETCATALOG_COMPILER_APPICON_NAME = AppIcon;
				CODE_SIGN_STYLE = Manual;
				DEVELOPMENT_TEAM = "";
				INFOPLIST_FILE = "$(SRCROOT)/Supporting Files/Info.plist";
				LD_RUNPATH_SEARCH_PATHS = (
					"$(inherited)",
					"@executable_path/Frameworks",
				);
				PRODUCT_BUNDLE_IDENTIFIER = "com.example.Card-Shark-iOS";
				PRODUCT_NAME = "$(TARGET_NAME)";
				PROVISIONING_PROFILE_SPECIFIER = "";
				SWIFT_VERSION = 4.0;
				TARGETED_DEVICE_FAMILY = "1,2";
			};
			name = Debug;
		};
		FFF5421A20830B6C009D696F /* Release */ = {
			isa = XCBuildConfiguration;
			baseConfigurationReference = F34A1CF03E72E9F555466E09 /* Pods-Card_Shark_iOS.release.xcconfig */;
			buildSettings = {
				ASSETCATALOG_COMPILER_APPICON_NAME = AppIcon;
				CODE_SIGN_STYLE = Manual;
				DEVELOPMENT_TEAM = "";
				INFOPLIST_FILE = "$(SRCROOT)/Supporting Files/Info.plist";
				LD_RUNPATH_SEARCH_PATHS = (
					"$(inherited)",
					"@executable_path/Frameworks",
				);
				PRODUCT_BUNDLE_IDENTIFIER = "com.example.Card-Shark-iOS";
				PRODUCT_NAME = "$(TARGET_NAME)";
				PROVISIONING_PROFILE_SPECIFIER = "";
				SWIFT_VERSION = 4.0;
				TARGETED_DEVICE_FAMILY = "1,2";
			};
			name = Release;
		};
/* End XCBuildConfiguration section */

/* Begin XCConfigurationList section */
		FFF5420120830B6B009D696F /* Build configuration list for PBXProject "Card_Shark_iOS" */ = {
			isa = XCConfigurationList;
			buildConfigurations = (
				FFF5421620830B6C009D696F /* Debug */,
				FFF5421720830B6C009D696F /* Release */,
			);
			defaultConfigurationIsVisible = 0;
			defaultConfigurationName = Release;
		};
		FFF5421820830B6C009D696F /* Build configuration list for PBXNativeTarget "Card_Shark_iOS" */ = {
			isa = XCConfigurationList;
			buildConfigurations = (
				FFF5421920830B6C009D696F /* Debug */,
				FFF5421A20830B6C009D696F /* Release */,
			);
			defaultConfigurationIsVisible = 0;
			defaultConfigurationName = Release;
		};
/* End XCConfigurationList section */
	};
	rootObject = FFF541FE20830B6B009D696F /* Project object */;
}
